
Microsoft Visual Studio Solution File, Format Version 12.00
# Visual Studio 2012
Project("{2150E333-8FDC-42A3-9474-1A3956D46DE8}") = "Demo", "Demo", "{1AD64CA4-4550-4D5F-A56D-46DFCFD480A9}"
EndProject
Project("{FAE04EC0-301F-11D3-BF4B-00C04F79EFBC}") = "Server", "Demo\Server\Server.csproj", "{27A07608-2D1F-41FC-B0C8-172B32927693}"
EndProject
Project("{FAE04EC0-301F-11D3-BF4B-00C04F79EFBC}") = "Models", "Demo\Models\Models.csproj", "{F9B37780-6345-4E6F-8523-687F56895625}"
EndProject
Project("{FAE04EC0-301F-11D3-BF4B-00C04F79EFBC}") = "ClientApp", "Demo\ClientApp\ClientApp.csproj", "{30386CFD-B297-4F51-9E68-BACEB7C60D39}"
EndProject
Project("{2150E333-8FDC-42A3-9474-1A3956D46DE8}") = "Net40", "Net40", "{89ABE2CB-D89C-438D-B88A-1FA91E98CF0A}"
EndProject
Project("{FAE04EC0-301F-11D3-BF4B-00C04F79EFBC}") = "NetworkSocket", "Net40\NetworkSocket\NetworkSocket.csproj", "{80D0FA44-523B-4E68-BDC2-B12901D5855B}"
EndProject
Project("{FAE04EC0-301F-11D3-BF4B-00C04F79EFBC}") = "NetworkSocket.Fast", "Net40\NetworkSocket.Fast\NetworkSocket.Fast.csproj", "{6D50EA40-87CB-40D8-9CF6-57308BBD8FDF}"
EndProject
Project("{FAE04EC0-301F-11D3-BF4B-00C04F79EFBC}") = "NetworkSocket.WebSocket", "Net40\NetworkSocket.WebSocket\NetworkSocket.WebSocket.csproj", "{63D2DED9-1A63-4209-ADEE-9A67A8D3257E}"
EndProject
Global
	GlobalSection(SolutionConfigurationPlatforms) = preSolution
		Debug|Any CPU = Debug|Any CPU
		Debug|Mixed Platforms = Debug|Mixed Platforms
		Debug|x86 = Debug|x86
		Release|Any CPU = Release|Any CPU
		Release|Mixed Platforms = Release|Mixed Platforms
		Release|x86 = Release|x86
	EndGlobalSection
	GlobalSection(ProjectConfigurationPlatforms) = postSolution
		{27A07608-2D1F-41FC-B0C8-172B32927693}.Debug|Any CPU.ActiveCfg = Debug|x86
		{27A07608-2D1F-41FC-B0C8-172B32927693}.Debug|Mixed Platforms.ActiveCfg = Debug|x86
		{27A07608-2D1F-41FC-B0C8-172B32927693}.Debug|Mixed Platforms.Build.0 = Debug|x86
		{27A07608-2D1F-41FC-B0C8-172B32927693}.Debug|x86.ActiveCfg = Debug|x86
		{27A07608-2D1F-41FC-B0C8-172B32927693}.Debug|x86.Build.0 = Debug|x86
		{27A07608-2D1F-41FC-B0C8-172B32927693}.Release|Any CPU.ActiveCfg = Release|x86
		{27A07608-2D1F-41FC-B0C8-172B32927693}.Release|Mixed Platforms.ActiveCfg = Release|x86
		{27A07608-2D1F-41FC-B0C8-172B32927693}.Release|Mixed Platforms.Build.0 = Release|x86
		{27A07608-2D1F-41FC-B0C8-172B32927693}.Release|x86.ActiveCfg = Release|x86
		{27A07608-2D1F-41FC-B0C8-172B32927693}.Release|x86.Build.0 = Release|x86
		{F9B37780-6345-4E6F-8523-687F56895625}.Debug|Any CPU.ActiveCfg = Debug|Any CPU
		{F9B37780-6345-4E6F-8523-687F56895625}.Debug|Any CPU.Build.0 = Debug|Any CPU
		{F9B37780-6345-4E6F-8523-687F56895625}.Debug|Mixed Platforms.ActiveCfg = Debug|Any CPU
		{F9B37780-6345-4E6F-8523-687F56895625}.Debug|Mixed Platforms.Build.0 = Debug|Any CPU
		{F9B37780-6345-4E6F-8523-687F56895625}.Debug|x86.ActiveCfg = Debug|Any CPU
		{F9B37780-6345-4E6F-8523-687F56895625}.Release|Any CPU.ActiveCfg = Release|Any CPU
		{F9B37780-6345-4E6F-8523-687F56895625}.Release|Any CPU.Build.0 = Release|Any CPU
		{F9B37780-6345-4E6F-8523-687F56895625}.Release|Mixed Platforms.ActiveCfg = Release|Any CPU
		{F9B37780-6345-4E6F-8523-687F56895625}.Release|Mixed Platforms.Build.0 = Release|Any CPU
		{F9B37780-6345-4E6F-8523-687F56895625}.Release|x86.ActiveCfg = Release|Any CPU
		{30386CFD-B297-4F51-9E68-BACEB7C60D39}.Debug|Any CPU.ActiveCfg = Debug|Any CPU
		{30386CFD-B297-4F51-9E68-BACEB7C60D39}.Debug|Any CPU.Build.0 = Debug|Any CPU
		{30386CFD-B297-4F51-9E68-BACEB7C60D39}.Debug|Mixed Platforms.ActiveCfg = Debug|Any CPU
		{30386CFD-B297-4F51-9E68-BACEB7C60D39}.Debug|Mixed Platforms.Build.0 = Debug|Any CPU
		{30386CFD-B297-4F51-9E68-BACEB7C60D39}.Debug|x86.ActiveCfg = Debug|Any CPU
		{30386CFD-B297-4F51-9E68-BACEB7C60D39}.Release|Any CPU.ActiveCfg = Release|Any CPU
		{30386CFD-B297-4F51-9E68-BACEB7C60D39}.Release|Any CPU.Build.0 = Release|Any CPU
		{30386CFD-B297-4F51-9E68-BACEB7C60D39}.Release|Mixed Platforms.ActiveCfg = Release|Any CPU
		{30386CFD-B297-4F51-9E68-BACEB7C60D39}.Release|Mixed Platforms.Build.0 = Release|Any CPU
		{30386CFD-B297-4F51-9E68-BACEB7C60D39}.Release|x86.ActiveCfg = Release|Any CPU
		{80D0FA44-523B-4E68-BDC2-B12901D5855B}.Debug|Any CPU.ActiveCfg = Debug|Any CPU
		{80D0FA44-523B-4E68-BDC2-B12901D5855B}.Debug|Any CPU.Build.0 = Debug|Any CPU
		{80D0FA44-523B-4E68-BDC2-B12901D5855B}.Debug|Mixed Platforms.ActiveCfg = Debug|Any CPU
		{80D0FA44-523B-4E68-BDC2-B12901D5855B}.Debug|Mixed Platforms.Build.0 = Debug|Any CPU
		{80D0FA44-523B-4E68-BDC2-B12901D5855B}.Debug|x86.ActiveCfg = Debug|Any CPU
		{80D0FA44-523B-4E68-BDC2-B12901D5855B}.Release|Any CPU.ActiveCfg = Release|Any CPU
		{80D0FA44-523B-4E68-BDC2-B12901D5855B}.Release|Any CPU.Build.0 = Release|Any CPU
		{80D0FA44-523B-4E68-BDC2-B12901D5855B}.Release|Mixed Platforms.ActiveCfg = Release|Any CPU
		{80D0FA44-523B-4E68-BDC2-B12901D5855B}.Release|Mixed Platforms.Build.0 = Release|Any CPU
		{80D0FA44-523B-4E68-BDC2-B12901D5855B}.Release|x86.ActiveCfg = Release|Any CPU
		{6D50EA40-87CB-40D8-9CF6-57308BBD8FDF}.Debug|Any CPU.ActiveCfg = Debug|Any CPU
		{6D50EA40-87CB-40D8-9CF6-57308BBD8FDF}.Debug|Any CPU.Build.0 = Debug|Any CPU
		{6D50EA40-87CB-40D8-9CF6-57308BBD8FDF}.Debug|Mixed Platforms.ActiveCfg = Debug|Any CPU
		{6D50EA40-87CB-40D8-9CF6-57308BBD8FDF}.Debug|Mixed Platforms.Build.0 = Debug|Any CPU
		{6D50EA40-87CB-40D8-9CF6-57308BBD8FDF}.Debug|x86.ActiveCfg = Debug|Any CPU
		{6D50EA40-87CB-40D8-9CF6-57308BBD8FDF}.Release|Any CPU.ActiveCfg = Release|Any CPU
		{6D50EA40-87CB-40D8-9CF6-57308BBD8FDF}.Release|Any CPU.Build.0 = Release|Any CPU
		{6D50EA40-87CB-40D8-9CF6-57308BBD8FDF}.Release|Mixed Platforms.ActiveCfg = Release|Any CPU
		{6D50EA40-87CB-40D8-9CF6-57308BBD8FDF}.Release|Mixed Platforms.Build.0 = Release|Any CPU
		{6D50EA40-87CB-40D8-9CF6-57308BBD8FDF}.Release|x86.ActiveCfg = Release|Any CPU
		{63D2DED9-1A63-4209-ADEE-9A67A8D3257E}.Debug|Any CPU.ActiveCfg = Debug|Any CPU
		{63D2DED9-1A63-4209-ADEE-9A67A8D3257E}.Debug|Any CPU.Build.0 = Debug|Any CPU
		{63D2DED9-1A63-4209-ADEE-9A67A8D3257E}.Debug|Mixed Platforms.ActiveCfg = Debug|Any CPU
		{63D2DED9-1A63-4209-ADEE-9A67A8D3257E}.Debug|Mixed Platforms.Build.0 = Debug|Any CPU
		{63D2DED9-1A63-4209-ADEE-9A67A8D3257E}.Debug|x86.ActiveCfg = Debug|Any CPU
		{63D2DED9-1A63-4209-ADEE-9A67A8D3257E}.Release|Any CPU.ActiveCfg = Release|Any CPU
		{63D2DED9-1A63-4209-ADEE-9A67A8D3257E}.Release|Any CPU.Build.0 = Release|Any CPU
		{63D2DED9-1A63-4209-ADEE-9A67A8D3257E}.Release|Mixed Platforms.ActiveCfg = Release|Any CPU
		{63D2DED9-1A63-4209-ADEE-9A67A8D3257E}.Release|Mixed Platforms.Build.0 = Release|Any CPU
		{63D2DED9-1A63-4209-ADEE-9A67A8D3257E}.Release|x86.ActiveCfg = Release|Any CPU
	EndGlobalSection
	GlobalSection(SolutionProperties) = preSolution
		HideSolutionNode = FALSE
	EndGlobalSection
	GlobalSection(NestedProjects) = preSolution
		{27A07608-2D1F-41FC-B0C8-172B32927693} = {1AD64CA4-4550-4D5F-A56D-46DFCFD480A9}
		{F9B37780-6345-4E6F-8523-687F56895625} = {1AD64CA4-4550-4D5F-A56D-46DFCFD480A9}
		{30386CFD-B297-4F51-9E68-BACEB7C60D39} = {1AD64CA4-4550-4D5F-A56D-46DFCFD480A9}
		{80D0FA44-523B-4E68-BDC2-B12901D5855B} = {89ABE2CB-D89C-438D-B88A-1FA91E98CF0A}
		{6D50EA40-87CB-40D8-9CF6-57308BBD8FDF} = {89ABE2CB-D89C-438D-B88A-1FA91E98CF0A}
		{63D2DED9-1A63-4209-ADEE-9A67A8D3257E} = {89ABE2CB-D89C-438D-B88A-1FA91E98CF0A}
	EndGlobalSection
	GlobalSection(MonoDevelopProperties) = preSolution
		StartupItem = Demo\Server\Server.csproj
	EndGlobalSection
EndGlobal
