
Microsoft Visual Studio Solution File, Format Version 12.00
# Visual Studio 15
VisualStudioVersion = 15.0.27004.2005
MinimumVisualStudioVersion = 10.0.40219.1
Project("{2150E333-8FDC-42A3-9474-1A3956D46DE8}") = "example", "example", "{8A38CC1F-CB87-4838-90AF-8ECF79AEDB15}"
EndProject
Project("{FAE04EC0-301F-11D3-BF4B-00C04F79EFBC}") = "Models", "example\Models\Models.csproj", "{F9B37780-6345-4E6F-8523-687F56895625}"
EndProject
Project("{FAE04EC0-301F-11D3-BF4B-00C04F79EFBC}") = "Service", "example\Service\Service.csproj", "{2A042153-5699-4B9B-A011-1EDCA65E662D}"
EndProject
Project("{FAE04EC0-301F-11D3-BF4B-00C04F79EFBC}") = "FastClient", "example\FastClient\FastClient.csproj", "{30386CFD-B297-4F51-9E68-BACEB7C60D39}"
EndProject
Project("{2150E333-8FDC-42A3-9474-1A3956D46DE8}") = "Solution Items", "Solution Items", "{AA559C86-83FF-4DC4-A78D-306E982D9709}"
	ProjectSection(SolutionItems) = preProject
		NetworkSocket.1.7.0.nupkg = NetworkSocket.1.7.0.nupkg
	EndProjectSection
EndProject
Project("{9A19103F-16F7-4668-BE54-9A1E7A4F7556}") = "NetworkSocket.NetStandard", "NetworkSocket\NetworkSocket.NetStandard.csproj", "{F91EAC0A-5986-440B-B78E-B2CCE3664FCE}"
EndProject
Global
	GlobalSection(SolutionConfigurationPlatforms) = preSolution
		Debug|Any CPU = Debug|Any CPU
		Debug|Mixed Platforms = Debug|Mixed Platforms
		Debug|x86 = Debug|x86
		Release|Any CPU = Release|Any CPU
		Release|Mixed Platforms = Release|Mixed Platforms
		Release|x86 = Release|x86
	EndGlobalSection
	GlobalSection(ProjectConfigurationPlatforms) = postSolution
		{F9B37780-6345-4E6F-8523-687F56895625}.Debug|Any CPU.ActiveCfg = Debug|Any CPU
		{F9B37780-6345-4E6F-8523-687F56895625}.Debug|Any CPU.Build.0 = Debug|Any CPU
		{F9B37780-6345-4E6F-8523-687F56895625}.Debug|Mixed Platforms.ActiveCfg = Debug|Any CPU
		{F9B37780-6345-4E6F-8523-687F56895625}.Debug|Mixed Platforms.Build.0 = Debug|Any CPU
		{F9B37780-6345-4E6F-8523-687F56895625}.Debug|x86.ActiveCfg = Debug|Any CPU
		{F9B37780-6345-4E6F-8523-687F56895625}.Release|Any CPU.ActiveCfg = Release|Any CPU
		{F9B37780-6345-4E6F-8523-687F56895625}.Release|Any CPU.Build.0 = Release|Any CPU
		{F9B37780-6345-4E6F-8523-687F56895625}.Release|Mixed Platforms.ActiveCfg = Release|Any CPU
		{F9B37780-6345-4E6F-8523-687F56895625}.Release|Mixed Platforms.Build.0 = Release|Any CPU
		{F9B37780-6345-4E6F-8523-687F56895625}.Release|x86.ActiveCfg = Release|Any CPU
		{2A042153-5699-4B9B-A011-1EDCA65E662D}.Debug|Any CPU.ActiveCfg = Debug|Any CPU
		{2A042153-5699-4B9B-A011-1EDCA65E662D}.Debug|Any CPU.Build.0 = Debug|Any CPU
		{2A042153-5699-4B9B-A011-1EDCA65E662D}.Debug|Mixed Platforms.ActiveCfg = Debug|Any CPU
		{2A042153-5699-4B9B-A011-1EDCA65E662D}.Debug|Mixed Platforms.Build.0 = Debug|Any CPU
		{2A042153-5699-4B9B-A011-1EDCA65E662D}.Debug|x86.ActiveCfg = Debug|Any CPU
		{2A042153-5699-4B9B-A011-1EDCA65E662D}.Release|Any CPU.ActiveCfg = Release|Any CPU
		{2A042153-5699-4B9B-A011-1EDCA65E662D}.Release|Any CPU.Build.0 = Release|Any CPU
		{2A042153-5699-4B9B-A011-1EDCA65E662D}.Release|Mixed Platforms.ActiveCfg = Release|Any CPU
		{2A042153-5699-4B9B-A011-1EDCA65E662D}.Release|Mixed Platforms.Build.0 = Release|Any CPU
		{2A042153-5699-4B9B-A011-1EDCA65E662D}.Release|x86.ActiveCfg = Release|Any CPU
		{30386CFD-B297-4F51-9E68-BACEB7C60D39}.Debug|Any CPU.ActiveCfg = Debug|Any CPU
		{30386CFD-B297-4F51-9E68-BACEB7C60D39}.Debug|Any CPU.Build.0 = Debug|Any CPU
		{30386CFD-B297-4F51-9E68-BACEB7C60D39}.Debug|Mixed Platforms.ActiveCfg = Debug|Any CPU
		{30386CFD-B297-4F51-9E68-BACEB7C60D39}.Debug|Mixed Platforms.Build.0 = Debug|Any CPU
		{30386CFD-B297-4F51-9E68-BACEB7C60D39}.Debug|x86.ActiveCfg = Debug|Any CPU
		{30386CFD-B297-4F51-9E68-BACEB7C60D39}.Release|Any CPU.ActiveCfg = Release|Any CPU
		{30386CFD-B297-4F51-9E68-BACEB7C60D39}.Release|Any CPU.Build.0 = Release|Any CPU
		{30386CFD-B297-4F51-9E68-BACEB7C60D39}.Release|Mixed Platforms.ActiveCfg = Release|Any CPU
		{30386CFD-B297-4F51-9E68-BACEB7C60D39}.Release|Mixed Platforms.Build.0 = Release|Any CPU
		{30386CFD-B297-4F51-9E68-BACEB7C60D39}.Release|x86.ActiveCfg = Release|Any CPU
		{F91EAC0A-5986-440B-B78E-B2CCE3664FCE}.Debug|Any CPU.ActiveCfg = Debug|Any CPU
		{F91EAC0A-5986-440B-B78E-B2CCE3664FCE}.Debug|Any CPU.Build.0 = Debug|Any CPU
		{F91EAC0A-5986-440B-B78E-B2CCE3664FCE}.Debug|Mixed Platforms.ActiveCfg = Debug|Any CPU
		{F91EAC0A-5986-440B-B78E-B2CCE3664FCE}.Debug|Mixed Platforms.Build.0 = Debug|Any CPU
		{F91EAC0A-5986-440B-B78E-B2CCE3664FCE}.Debug|x86.ActiveCfg = Debug|Any CPU
		{F91EAC0A-5986-440B-B78E-B2CCE3664FCE}.Debug|x86.Build.0 = Debug|Any CPU
		{F91EAC0A-5986-440B-B78E-B2CCE3664FCE}.Release|Any CPU.ActiveCfg = Release|Any CPU
		{F91EAC0A-5986-440B-B78E-B2CCE3664FCE}.Release|Any CPU.Build.0 = Release|Any CPU
		{F91EAC0A-5986-440B-B78E-B2CCE3664FCE}.Release|Mixed Platforms.ActiveCfg = Release|Any CPU
		{F91EAC0A-5986-440B-B78E-B2CCE3664FCE}.Release|Mixed Platforms.Build.0 = Release|Any CPU
		{F91EAC0A-5986-440B-B78E-B2CCE3664FCE}.Release|x86.ActiveCfg = Release|Any CPU
		{F91EAC0A-5986-440B-B78E-B2CCE3664FCE}.Release|x86.Build.0 = Release|Any CPU
	EndGlobalSection
	GlobalSection(SolutionProperties) = preSolution
		HideSolutionNode = FALSE
	EndGlobalSection
	GlobalSection(NestedProjects) = preSolution
		{F9B37780-6345-4E6F-8523-687F56895625} = {8A38CC1F-CB87-4838-90AF-8ECF79AEDB15}
		{2A042153-5699-4B9B-A011-1EDCA65E662D} = {8A38CC1F-CB87-4838-90AF-8ECF79AEDB15}
		{30386CFD-B297-4F51-9E68-BACEB7C60D39} = {8A38CC1F-CB87-4838-90AF-8ECF79AEDB15}
	EndGlobalSection
	GlobalSection(ExtensibilityGlobals) = postSolution
		SolutionGuid = {0DBEBD43-A05F-4ECB-93FB-76FD8194B17D}
	EndGlobalSection
	GlobalSection(MonoDevelopProperties) = preSolution
		StartupItem = Demo\Server\Server.csproj
	EndGlobalSection
EndGlobal
