
Microsoft Visual Studio Solution File, Format Version 12.00
# Visual Studio 2012
Project("{2150E333-8FDC-42A3-9474-1A3956D46DE8}") = "Demo", "Demo", "{1AD64CA4-4550-4D5F-A56D-46DFCFD480A9}"
EndProject
Project("{FAE04EC0-301F-11D3-BF4B-00C04F79EFBC}") = "Models", "Demo\Models\Models.csproj", "{F9B37780-6345-4E6F-8523-687F56895625}"
EndProject
Project("{2150E333-8FDC-42A3-9474-1A3956D46DE8}") = "Net40", "Net40", "{89ABE2CB-D89C-438D-B88A-1FA91E98CF0A}"
EndProject
Project("{FAE04EC0-301F-11D3-BF4B-00C04F79EFBC}") = "NetworkSocket", "Net40\NetworkSocket\NetworkSocket.csproj", "{80D0FA44-523B-4E68-BDC2-B12901D5855B}"
EndProject
Project("{FAE04EC0-301F-11D3-BF4B-00C04F79EFBC}") = "WebSocket", "Demo\WebSocket\WebSocket.csproj", "{59BA5D2B-2363-465E-B7BA-FAE990BDB5AE}"
EndProject
Project("{2150E333-8FDC-42A3-9474-1A3956D46DE8}") = "Test", "Test", "{CC0392B3-93ED-4341-9D14-4EE4F9EBFE30}"
EndProject
Project("{FAE04EC0-301F-11D3-BF4B-00C04F79EFBC}") = "UnitTest.NetworkSocket", "Test\UnitTest.NetworkSocket\UnitTest.NetworkSocket.csproj", "{2EF57D67-04C8-477B-948F-1C18227472E0}"
EndProject
Project("{FAE04EC0-301F-11D3-BF4B-00C04F79EFBC}") = "HttpServer", "Demo\HttpServer\HttpServer.csproj", "{51C72645-185C-4DEF-B213-793015A63ED5}"
EndProject
Project("{FAE04EC0-301F-11D3-BF4B-00C04F79EFBC}") = "FastServer", "Demo\FastServer\FastServer.csproj", "{27A07608-2D1F-41FC-B0C8-172B32927693}"
EndProject
Project("{FAE04EC0-301F-11D3-BF4B-00C04F79EFBC}") = "FastClientApp", "Demo\FastClientApp\FastClientApp.csproj", "{30386CFD-B297-4F51-9E68-BACEB7C60D39}"
EndProject
Project("{FAE04EC0-301F-11D3-BF4B-00C04F79EFBC}") = "Autofac.NetworkSocket", "Net40\Autofac.NetworkSocket\Autofac.NetworkSocket.csproj", "{6305A612-4DD1-40DB-A3FD-B57BA6409986}"
EndProject
Project("{2150E333-8FDC-42A3-9474-1A3956D46DE8}") = "Fast", "Fast", "{F9F99FC4-AF49-4E4E-8C3D-CEF1A77A0550}"
EndProject
Project("{FAE04EC0-301F-11D3-BF4B-00C04F79EFBC}") = "MixedServer", "Demo\MixedServer\MixedServer.csproj", "{3EBB55F4-1EF1-4E03-AE31-BB4599506CFD}"
EndProject
Project("{FAE04EC0-301F-11D3-BF4B-00C04F79EFBC}") = "TelnetServer", "Demo\TelnetServer\TelnetServer.csproj", "{5D5204B7-CD61-43E7-979D-E54CAE7ACF12}"
EndProject
Global
	GlobalSection(SolutionConfigurationPlatforms) = preSolution
		Debug|Any CPU = Debug|Any CPU
		Debug|Mixed Platforms = Debug|Mixed Platforms
		Debug|x86 = Debug|x86
		Release|Any CPU = Release|Any CPU
		Release|Mixed Platforms = Release|Mixed Platforms
		Release|x86 = Release|x86
	EndGlobalSection
	GlobalSection(ProjectConfigurationPlatforms) = postSolution
		{F9B37780-6345-4E6F-8523-687F56895625}.Debug|Any CPU.ActiveCfg = Debug|Any CPU
		{F9B37780-6345-4E6F-8523-687F56895625}.Debug|Any CPU.Build.0 = Debug|Any CPU
		{F9B37780-6345-4E6F-8523-687F56895625}.Debug|Mixed Platforms.ActiveCfg = Debug|Any CPU
		{F9B37780-6345-4E6F-8523-687F56895625}.Debug|Mixed Platforms.Build.0 = Debug|Any CPU
		{F9B37780-6345-4E6F-8523-687F56895625}.Debug|x86.ActiveCfg = Debug|Any CPU
		{F9B37780-6345-4E6F-8523-687F56895625}.Release|Any CPU.ActiveCfg = Release|Any CPU
		{F9B37780-6345-4E6F-8523-687F56895625}.Release|Any CPU.Build.0 = Release|Any CPU
		{F9B37780-6345-4E6F-8523-687F56895625}.Release|Mixed Platforms.ActiveCfg = Release|Any CPU
		{F9B37780-6345-4E6F-8523-687F56895625}.Release|Mixed Platforms.Build.0 = Release|Any CPU
		{F9B37780-6345-4E6F-8523-687F56895625}.Release|x86.ActiveCfg = Release|Any CPU
		{80D0FA44-523B-4E68-BDC2-B12901D5855B}.Debug|Any CPU.ActiveCfg = Debug|Any CPU
		{80D0FA44-523B-4E68-BDC2-B12901D5855B}.Debug|Any CPU.Build.0 = Debug|Any CPU
		{80D0FA44-523B-4E68-BDC2-B12901D5855B}.Debug|Mixed Platforms.ActiveCfg = Debug|Any CPU
		{80D0FA44-523B-4E68-BDC2-B12901D5855B}.Debug|Mixed Platforms.Build.0 = Debug|Any CPU
		{80D0FA44-523B-4E68-BDC2-B12901D5855B}.Debug|x86.ActiveCfg = Debug|Any CPU
		{80D0FA44-523B-4E68-BDC2-B12901D5855B}.Release|Any CPU.ActiveCfg = Release|Any CPU
		{80D0FA44-523B-4E68-BDC2-B12901D5855B}.Release|Any CPU.Build.0 = Release|Any CPU
		{80D0FA44-523B-4E68-BDC2-B12901D5855B}.Release|Mixed Platforms.ActiveCfg = Release|Any CPU
		{80D0FA44-523B-4E68-BDC2-B12901D5855B}.Release|Mixed Platforms.Build.0 = Release|Any CPU
		{80D0FA44-523B-4E68-BDC2-B12901D5855B}.Release|x86.ActiveCfg = Release|Any CPU
		{59BA5D2B-2363-465E-B7BA-FAE990BDB5AE}.Debug|Any CPU.ActiveCfg = Debug|Any CPU
		{59BA5D2B-2363-465E-B7BA-FAE990BDB5AE}.Debug|Any CPU.Build.0 = Debug|Any CPU
		{59BA5D2B-2363-465E-B7BA-FAE990BDB5AE}.Debug|Mixed Platforms.ActiveCfg = Debug|Any CPU
		{59BA5D2B-2363-465E-B7BA-FAE990BDB5AE}.Debug|Mixed Platforms.Build.0 = Debug|Any CPU
		{59BA5D2B-2363-465E-B7BA-FAE990BDB5AE}.Debug|x86.ActiveCfg = Debug|Any CPU
		{59BA5D2B-2363-465E-B7BA-FAE990BDB5AE}.Release|Any CPU.ActiveCfg = Release|Any CPU
		{59BA5D2B-2363-465E-B7BA-FAE990BDB5AE}.Release|Any CPU.Build.0 = Release|Any CPU
		{59BA5D2B-2363-465E-B7BA-FAE990BDB5AE}.Release|Mixed Platforms.ActiveCfg = Release|Any CPU
		{59BA5D2B-2363-465E-B7BA-FAE990BDB5AE}.Release|Mixed Platforms.Build.0 = Release|Any CPU
		{59BA5D2B-2363-465E-B7BA-FAE990BDB5AE}.Release|x86.ActiveCfg = Release|Any CPU
		{2EF57D67-04C8-477B-948F-1C18227472E0}.Debug|Any CPU.ActiveCfg = Debug|Any CPU
		{2EF57D67-04C8-477B-948F-1C18227472E0}.Debug|Any CPU.Build.0 = Debug|Any CPU
		{2EF57D67-04C8-477B-948F-1C18227472E0}.Debug|Mixed Platforms.ActiveCfg = Debug|Any CPU
		{2EF57D67-04C8-477B-948F-1C18227472E0}.Debug|Mixed Platforms.Build.0 = Debug|Any CPU
		{2EF57D67-04C8-477B-948F-1C18227472E0}.Debug|x86.ActiveCfg = Debug|Any CPU
		{2EF57D67-04C8-477B-948F-1C18227472E0}.Release|Any CPU.ActiveCfg = Release|Any CPU
		{2EF57D67-04C8-477B-948F-1C18227472E0}.Release|Any CPU.Build.0 = Release|Any CPU
		{2EF57D67-04C8-477B-948F-1C18227472E0}.Release|Mixed Platforms.ActiveCfg = Release|Any CPU
		{2EF57D67-04C8-477B-948F-1C18227472E0}.Release|Mixed Platforms.Build.0 = Release|Any CPU
		{2EF57D67-04C8-477B-948F-1C18227472E0}.Release|x86.ActiveCfg = Release|Any CPU
		{51C72645-185C-4DEF-B213-793015A63ED5}.Debug|Any CPU.ActiveCfg = Debug|Any CPU
		{51C72645-185C-4DEF-B213-793015A63ED5}.Debug|Any CPU.Build.0 = Debug|Any CPU
		{51C72645-185C-4DEF-B213-793015A63ED5}.Debug|Mixed Platforms.ActiveCfg = Debug|Any CPU
		{51C72645-185C-4DEF-B213-793015A63ED5}.Debug|Mixed Platforms.Build.0 = Debug|Any CPU
		{51C72645-185C-4DEF-B213-793015A63ED5}.Debug|x86.ActiveCfg = Debug|Any CPU
		{51C72645-185C-4DEF-B213-793015A63ED5}.Release|Any CPU.ActiveCfg = Release|Any CPU
		{51C72645-185C-4DEF-B213-793015A63ED5}.Release|Any CPU.Build.0 = Release|Any CPU
		{51C72645-185C-4DEF-B213-793015A63ED5}.Release|Mixed Platforms.ActiveCfg = Release|Any CPU
		{51C72645-185C-4DEF-B213-793015A63ED5}.Release|Mixed Platforms.Build.0 = Release|Any CPU
		{51C72645-185C-4DEF-B213-793015A63ED5}.Release|x86.ActiveCfg = Release|Any CPU
		{27A07608-2D1F-41FC-B0C8-172B32927693}.Debug|Any CPU.ActiveCfg = Debug|x86
		{27A07608-2D1F-41FC-B0C8-172B32927693}.Debug|Mixed Platforms.ActiveCfg = Debug|x86
		{27A07608-2D1F-41FC-B0C8-172B32927693}.Debug|Mixed Platforms.Build.0 = Debug|x86
		{27A07608-2D1F-41FC-B0C8-172B32927693}.Debug|x86.ActiveCfg = Debug|x86
		{27A07608-2D1F-41FC-B0C8-172B32927693}.Debug|x86.Build.0 = Debug|x86
		{27A07608-2D1F-41FC-B0C8-172B32927693}.Release|Any CPU.ActiveCfg = Release|x86
		{27A07608-2D1F-41FC-B0C8-172B32927693}.Release|Mixed Platforms.ActiveCfg = Release|x86
		{27A07608-2D1F-41FC-B0C8-172B32927693}.Release|Mixed Platforms.Build.0 = Release|x86
		{27A07608-2D1F-41FC-B0C8-172B32927693}.Release|x86.ActiveCfg = Release|x86
		{27A07608-2D1F-41FC-B0C8-172B32927693}.Release|x86.Build.0 = Release|x86
		{30386CFD-B297-4F51-9E68-BACEB7C60D39}.Debug|Any CPU.ActiveCfg = Debug|Any CPU
		{30386CFD-B297-4F51-9E68-BACEB7C60D39}.Debug|Any CPU.Build.0 = Debug|Any CPU
		{30386CFD-B297-4F51-9E68-BACEB7C60D39}.Debug|Mixed Platforms.ActiveCfg = Debug|Any CPU
		{30386CFD-B297-4F51-9E68-BACEB7C60D39}.Debug|Mixed Platforms.Build.0 = Debug|Any CPU
		{30386CFD-B297-4F51-9E68-BACEB7C60D39}.Debug|x86.ActiveCfg = Debug|Any CPU
		{30386CFD-B297-4F51-9E68-BACEB7C60D39}.Release|Any CPU.ActiveCfg = Release|Any CPU
		{30386CFD-B297-4F51-9E68-BACEB7C60D39}.Release|Any CPU.Build.0 = Release|Any CPU
		{30386CFD-B297-4F51-9E68-BACEB7C60D39}.Release|Mixed Platforms.ActiveCfg = Release|Any CPU
		{30386CFD-B297-4F51-9E68-BACEB7C60D39}.Release|Mixed Platforms.Build.0 = Release|Any CPU
		{30386CFD-B297-4F51-9E68-BACEB7C60D39}.Release|x86.ActiveCfg = Release|Any CPU
		{6305A612-4DD1-40DB-A3FD-B57BA6409986}.Debug|Any CPU.ActiveCfg = Debug|Any CPU
		{6305A612-4DD1-40DB-A3FD-B57BA6409986}.Debug|Any CPU.Build.0 = Debug|Any CPU
		{6305A612-4DD1-40DB-A3FD-B57BA6409986}.Debug|Mixed Platforms.ActiveCfg = Debug|Any CPU
		{6305A612-4DD1-40DB-A3FD-B57BA6409986}.Debug|Mixed Platforms.Build.0 = Debug|Any CPU
		{6305A612-4DD1-40DB-A3FD-B57BA6409986}.Debug|x86.ActiveCfg = Debug|Any CPU
		{6305A612-4DD1-40DB-A3FD-B57BA6409986}.Release|Any CPU.ActiveCfg = Release|Any CPU
		{6305A612-4DD1-40DB-A3FD-B57BA6409986}.Release|Any CPU.Build.0 = Release|Any CPU
		{6305A612-4DD1-40DB-A3FD-B57BA6409986}.Release|Mixed Platforms.ActiveCfg = Release|Any CPU
		{6305A612-4DD1-40DB-A3FD-B57BA6409986}.Release|Mixed Platforms.Build.0 = Release|Any CPU
		{6305A612-4DD1-40DB-A3FD-B57BA6409986}.Release|x86.ActiveCfg = Release|Any CPU
		{3EBB55F4-1EF1-4E03-AE31-BB4599506CFD}.Debug|Any CPU.ActiveCfg = Debug|Any CPU
		{3EBB55F4-1EF1-4E03-AE31-BB4599506CFD}.Debug|Any CPU.Build.0 = Debug|Any CPU
		{3EBB55F4-1EF1-4E03-AE31-BB4599506CFD}.Debug|Mixed Platforms.ActiveCfg = Debug|Any CPU
		{3EBB55F4-1EF1-4E03-AE31-BB4599506CFD}.Debug|Mixed Platforms.Build.0 = Debug|Any CPU
		{3EBB55F4-1EF1-4E03-AE31-BB4599506CFD}.Debug|x86.ActiveCfg = Debug|Any CPU
		{3EBB55F4-1EF1-4E03-AE31-BB4599506CFD}.Release|Any CPU.ActiveCfg = Release|Any CPU
		{3EBB55F4-1EF1-4E03-AE31-BB4599506CFD}.Release|Any CPU.Build.0 = Release|Any CPU
		{3EBB55F4-1EF1-4E03-AE31-BB4599506CFD}.Release|Mixed Platforms.ActiveCfg = Release|Any CPU
		{3EBB55F4-1EF1-4E03-AE31-BB4599506CFD}.Release|Mixed Platforms.Build.0 = Release|Any CPU
		{3EBB55F4-1EF1-4E03-AE31-BB4599506CFD}.Release|x86.ActiveCfg = Release|Any CPU
		{5D5204B7-CD61-43E7-979D-E54CAE7ACF12}.Debug|Any CPU.ActiveCfg = Debug|Any CPU
		{5D5204B7-CD61-43E7-979D-E54CAE7ACF12}.Debug|Any CPU.Build.0 = Debug|Any CPU
		{5D5204B7-CD61-43E7-979D-E54CAE7ACF12}.Debug|Mixed Platforms.ActiveCfg = Debug|Any CPU
		{5D5204B7-CD61-43E7-979D-E54CAE7ACF12}.Debug|Mixed Platforms.Build.0 = Debug|Any CPU
		{5D5204B7-CD61-43E7-979D-E54CAE7ACF12}.Debug|x86.ActiveCfg = Debug|Any CPU
		{5D5204B7-CD61-43E7-979D-E54CAE7ACF12}.Release|Any CPU.ActiveCfg = Release|Any CPU
		{5D5204B7-CD61-43E7-979D-E54CAE7ACF12}.Release|Any CPU.Build.0 = Release|Any CPU
		{5D5204B7-CD61-43E7-979D-E54CAE7ACF12}.Release|Mixed Platforms.ActiveCfg = Release|Any CPU
		{5D5204B7-CD61-43E7-979D-E54CAE7ACF12}.Release|Mixed Platforms.Build.0 = Release|Any CPU
		{5D5204B7-CD61-43E7-979D-E54CAE7ACF12}.Release|x86.ActiveCfg = Release|Any CPU
	EndGlobalSection
	GlobalSection(SolutionProperties) = preSolution
		HideSolutionNode = FALSE
	EndGlobalSection
	GlobalSection(NestedProjects) = preSolution
		{F9F99FC4-AF49-4E4E-8C3D-CEF1A77A0550} = {1AD64CA4-4550-4D5F-A56D-46DFCFD480A9}
		{59BA5D2B-2363-465E-B7BA-FAE990BDB5AE} = {1AD64CA4-4550-4D5F-A56D-46DFCFD480A9}
		{51C72645-185C-4DEF-B213-793015A63ED5} = {1AD64CA4-4550-4D5F-A56D-46DFCFD480A9}
		{3EBB55F4-1EF1-4E03-AE31-BB4599506CFD} = {1AD64CA4-4550-4D5F-A56D-46DFCFD480A9}
		{5D5204B7-CD61-43E7-979D-E54CAE7ACF12} = {1AD64CA4-4550-4D5F-A56D-46DFCFD480A9}
		{27A07608-2D1F-41FC-B0C8-172B32927693} = {F9F99FC4-AF49-4E4E-8C3D-CEF1A77A0550}
		{30386CFD-B297-4F51-9E68-BACEB7C60D39} = {F9F99FC4-AF49-4E4E-8C3D-CEF1A77A0550}
		{F9B37780-6345-4E6F-8523-687F56895625} = {F9F99FC4-AF49-4E4E-8C3D-CEF1A77A0550}
		{80D0FA44-523B-4E68-BDC2-B12901D5855B} = {89ABE2CB-D89C-438D-B88A-1FA91E98CF0A}
		{6305A612-4DD1-40DB-A3FD-B57BA6409986} = {89ABE2CB-D89C-438D-B88A-1FA91E98CF0A}
		{2EF57D67-04C8-477B-948F-1C18227472E0} = {CC0392B3-93ED-4341-9D14-4EE4F9EBFE30}
	EndGlobalSection
	GlobalSection(MonoDevelopProperties) = preSolution
		StartupItem = Demo\Server\Server.csproj
	EndGlobalSection
EndGlobal
