
Microsoft Visual Studio Solution File, Format Version 12.00
# Visual Studio 2013
VisualStudioVersion = 12.0.21005.1
MinimumVisualStudioVersion = 10.0.40219.1
Project("{FAE04EC0-301F-11D3-BF4B-00C04F79EFBC}") = "NetworkSocket.Net45", "NetworkSocket\NetworkSocket.Net45.csproj", "{80D0FA44-523B-4E68-BDC2-B12901D5855B}"
EndProject
Project("{2150E333-8FDC-42A3-9474-1A3956D46DE8}") = "example", "example", "{8A38CC1F-CB87-4838-90AF-8ECF79AEDB15}"
EndProject
Project("{FAE04EC0-301F-11D3-BF4B-00C04F79EFBC}") = "Models", "example\Models\Models.csproj", "{F9B37780-6345-4E6F-8523-687F56895625}"
EndProject
Project("{FAE04EC0-301F-11D3-BF4B-00C04F79EFBC}") = "Service", "example\Service\Service.csproj", "{2A042153-5699-4B9B-A011-1EDCA65E662D}"
EndProject
Project("{FAE04EC0-301F-11D3-BF4B-00C04F79EFBC}") = "FastClient", "example\FastClient\FastClient.csproj", "{30386CFD-B297-4F51-9E68-BACEB7C60D39}"
EndProject
Global
	GlobalSection(SolutionConfigurationPlatforms) = preSolution
		Debug|Any CPU = Debug|Any CPU
		Debug|Mixed Platforms = Debug|Mixed Platforms
		Debug|x86 = Debug|x86
		Release|Any CPU = Release|Any CPU
		Release|Mixed Platforms = Release|Mixed Platforms
		Release|x86 = Release|x86
	EndGlobalSection
	GlobalSection(ProjectConfigurationPlatforms) = postSolution
		{80D0FA44-523B-4E68-BDC2-B12901D5855B}.Debug|Any CPU.ActiveCfg = Debug|Any CPU
		{80D0FA44-523B-4E68-BDC2-B12901D5855B}.Debug|Any CPU.Build.0 = Debug|Any CPU
		{80D0FA44-523B-4E68-BDC2-B12901D5855B}.Debug|Mixed Platforms.ActiveCfg = Debug|Any CPU
		{80D0FA44-523B-4E68-BDC2-B12901D5855B}.Debug|Mixed Platforms.Build.0 = Debug|Any CPU
		{80D0FA44-523B-4E68-BDC2-B12901D5855B}.Debug|x86.ActiveCfg = Debug|Any CPU
		{80D0FA44-523B-4E68-BDC2-B12901D5855B}.Release|Any CPU.ActiveCfg = Release|Any CPU
		{80D0FA44-523B-4E68-BDC2-B12901D5855B}.Release|Any CPU.Build.0 = Release|Any CPU
		{80D0FA44-523B-4E68-BDC2-B12901D5855B}.Release|Mixed Platforms.ActiveCfg = Release|Any CPU
		{80D0FA44-523B-4E68-BDC2-B12901D5855B}.Release|Mixed Platforms.Build.0 = Release|Any CPU
		{80D0FA44-523B-4E68-BDC2-B12901D5855B}.Release|x86.ActiveCfg = Release|Any CPU
		{F9B37780-6345-4E6F-8523-687F56895625}.Debug|Any CPU.ActiveCfg = Debug|Any CPU
		{F9B37780-6345-4E6F-8523-687F56895625}.Debug|Any CPU.Build.0 = Debug|Any CPU
		{F9B37780-6345-4E6F-8523-687F56895625}.Debug|Mixed Platforms.ActiveCfg = Debug|Any CPU
		{F9B37780-6345-4E6F-8523-687F56895625}.Debug|Mixed Platforms.Build.0 = Debug|Any CPU
		{F9B37780-6345-4E6F-8523-687F56895625}.Debug|x86.ActiveCfg = Debug|Any CPU
		{F9B37780-6345-4E6F-8523-687F56895625}.Release|Any CPU.ActiveCfg = Release|Any CPU
		{F9B37780-6345-4E6F-8523-687F56895625}.Release|Any CPU.Build.0 = Release|Any CPU
		{F9B37780-6345-4E6F-8523-687F56895625}.Release|Mixed Platforms.ActiveCfg = Release|Any CPU
		{F9B37780-6345-4E6F-8523-687F56895625}.Release|Mixed Platforms.Build.0 = Release|Any CPU
		{F9B37780-6345-4E6F-8523-687F56895625}.Release|x86.ActiveCfg = Release|Any CPU
		{2A042153-5699-4B9B-A011-1EDCA65E662D}.Debug|Any CPU.ActiveCfg = Debug|Any CPU
		{2A042153-5699-4B9B-A011-1EDCA65E662D}.Debug|Any CPU.Build.0 = Debug|Any CPU
		{2A042153-5699-4B9B-A011-1EDCA65E662D}.Debug|Mixed Platforms.ActiveCfg = Debug|Any CPU
		{2A042153-5699-4B9B-A011-1EDCA65E662D}.Debug|Mixed Platforms.Build.0 = Debug|Any CPU
		{2A042153-5699-4B9B-A011-1EDCA65E662D}.Debug|x86.ActiveCfg = Debug|Any CPU
		{2A042153-5699-4B9B-A011-1EDCA65E662D}.Release|Any CPU.ActiveCfg = Release|Any CPU
		{2A042153-5699-4B9B-A011-1EDCA65E662D}.Release|Any CPU.Build.0 = Release|Any CPU
		{2A042153-5699-4B9B-A011-1EDCA65E662D}.Release|Mixed Platforms.ActiveCfg = Release|Any CPU
		{2A042153-5699-4B9B-A011-1EDCA65E662D}.Release|Mixed Platforms.Build.0 = Release|Any CPU
		{2A042153-5699-4B9B-A011-1EDCA65E662D}.Release|x86.ActiveCfg = Release|Any CPU
		{30386CFD-B297-4F51-9E68-BACEB7C60D39}.Debug|Any CPU.ActiveCfg = Debug|Any CPU
		{30386CFD-B297-4F51-9E68-BACEB7C60D39}.Debug|Any CPU.Build.0 = Debug|Any CPU
		{30386CFD-B297-4F51-9E68-BACEB7C60D39}.Debug|Mixed Platforms.ActiveCfg = Debug|Any CPU
		{30386CFD-B297-4F51-9E68-BACEB7C60D39}.Debug|Mixed Platforms.Build.0 = Debug|Any CPU
		{30386CFD-B297-4F51-9E68-BACEB7C60D39}.Debug|x86.ActiveCfg = Debug|Any CPU
		{30386CFD-B297-4F51-9E68-BACEB7C60D39}.Release|Any CPU.ActiveCfg = Release|Any CPU
		{30386CFD-B297-4F51-9E68-BACEB7C60D39}.Release|Any CPU.Build.0 = Release|Any CPU
		{30386CFD-B297-4F51-9E68-BACEB7C60D39}.Release|Mixed Platforms.ActiveCfg = Release|Any CPU
		{30386CFD-B297-4F51-9E68-BACEB7C60D39}.Release|Mixed Platforms.Build.0 = Release|Any CPU
		{30386CFD-B297-4F51-9E68-BACEB7C60D39}.Release|x86.ActiveCfg = Release|Any CPU
	EndGlobalSection
	GlobalSection(SolutionProperties) = preSolution
		HideSolutionNode = FALSE
	EndGlobalSection
	GlobalSection(NestedProjects) = preSolution
		{F9B37780-6345-4E6F-8523-687F56895625} = {8A38CC1F-CB87-4838-90AF-8ECF79AEDB15}
		{2A042153-5699-4B9B-A011-1EDCA65E662D} = {8A38CC1F-CB87-4838-90AF-8ECF79AEDB15}
		{30386CFD-B297-4F51-9E68-BACEB7C60D39} = {8A38CC1F-CB87-4838-90AF-8ECF79AEDB15}
	EndGlobalSection
	GlobalSection(MonoDevelopProperties) = preSolution
		StartupItem = Demo\Server\Server.csproj
	EndGlobalSection
EndGlobal
